{
  "name": "razzaqjs",
  "version": "1.1.2",
  "lockfileVersion": 3,
  "requires": true,
  "packages": {
    "": {
      "name": "razzaqjs",
      "version": "1.1.2",
      "license": "MIT",
      "dependencies": {
        "razzaqjs": "^1.1.2"
      }
    },
    "node_modules/razzaqjs": {
      "version": "1.1.2",
      "resolved": "https://registry.npmjs.org/razzaqjs/-/razzaqjs-1.1.2.tgz",
      "integrity": "sha512-s30MZyAl8ffbjQ98yg7Q9CCSXenDUxsj5X0STeerBEQJ4tKgs3l0khTK1eIGPIwWCmQcsDzP/8rb9uqgWIIGug=="
    }
  }
}
